Microsoft Visual Studio Solution File, Format Version 11.00
# Visual Studio 2008

Project("{63FFC4DB-49A6-0DDE-C733-E477BF1F5178}") = "WindowBattle", "Assembly-CSharp-firstpass.csproj", "{C9158E09-EF24-A27F-3E49-E2C8A2CDB387}"
EndProject
Project("{63FFC4DB-49A6-0DDE-C733-E477BF1F5178}") = "WindowBattle", "Assembly-CSharp.csproj", "{9219986B-873F-D3CA-68D2-DB1AF5B5400D}"
EndProject
Project("{63FFC4DB-49A6-0DDE-C733-E477BF1F5178}") = "WindowBattle", "Assembly-CSharp-Editor.csproj", "{E9C6DFAB-5F68-8579-412C-8019F18A1100}"
EndProject
Global
	GlobalSection(SolutionConfigurationPlatforms) = preSolution
		Debug|Any CPU = Debug|Any CPU
		Release|Any CPU = Release|Any CPU
	EndGlobalSection
	GlobalSection(ProjectConfigurationPlatforms) = postSolution
		{C9158E09-EF24-A27F-3E49-E2C8A2CDB387}.Debug|Any CPU.ActiveCfg = Debug|Any CPU
		{C9158E09-EF24-A27F-3E49-E2C8A2CDB387}.Debug|Any CPU.Build.0 = Debug|Any CPU
		{C9158E09-EF24-A27F-3E49-E2C8A2CDB387}.Release|Any CPU.ActiveCfg = Release|Any CPU
		{C9158E09-EF24-A27F-3E49-E2C8A2CDB387}.Release|Any CPU.Build.0 = Release|Any CPU
		{9219986B-873F-D3CA-68D2-DB1AF5B5400D}.Debug|Any CPU.ActiveCfg = Debug|Any CPU
		{9219986B-873F-D3CA-68D2-DB1AF5B5400D}.Debug|Any CPU.Build.0 = Debug|Any CPU
		{9219986B-873F-D3CA-68D2-DB1AF5B5400D}.Release|Any CPU.ActiveCfg = Release|Any CPU
		{9219986B-873F-D3CA-68D2-DB1AF5B5400D}.Release|Any CPU.Build.0 = Release|Any CPU
		{E9C6DFAB-5F68-8579-412C-8019F18A1100}.Debug|Any CPU.ActiveCfg = Debug|Any CPU
		{E9C6DFAB-5F68-8579-412C-8019F18A1100}.Debug|Any CPU.Build.0 = Debug|Any CPU
		{E9C6DFAB-5F68-8579-412C-8019F18A1100}.Release|Any CPU.ActiveCfg = Release|Any CPU
		{E9C6DFAB-5F68-8579-412C-8019F18A1100}.Release|Any CPU.Build.0 = Release|Any CPU
	EndGlobalSection
	GlobalSection(SolutionProperties) = preSolution
		HideSolutionNode = FALSE
	EndGlobalSection
							GlobalSection(MonoDevelopProperties) = preSolution
		StartupItem = Assembly-CSharp.csproj
		Policies = $0
		$0.TextStylePolicy = $1
		$1.inheritsSet = null
		$1.scope = text/x-csharp
		$0.CSharpFormattingPolicy = $2
		$2.inheritsSet = Mono
		$2.inheritsScope = text/x-csharp
		$2.scope = text/x-csharp
		$0.TextStylePolicy = $3
		$3.FileWidth = 120
		$3.TabWidth = 4
		$3.IndentWidth = 4
		$3.EolMarker = Unix
		$3.inheritsSet = Mono
		$3.inheritsScope = text/plain
		$3.scope = text/plain
	EndGlobalSection

EndGlobal
