// !$*UTF8*$!
{
	archiveVersion = 1;
	classes = {
	};
	objectVersion = 46;
	objects = {

/* Begin PBXBuildFile section */
		B52A792E1BE93FB400B19074 /* AppDelegate.m in Sources */ = {isa = PBXBuildFile; fileRef = B52A792D1BE93FB400B19074 /* AppDelegate.m */; };
		B52A79301BE93FB400B19074 /* main.m in Sources */ = {isa = PBXBuildFile; fileRef = B52A792F1BE93FB400B19074 /* main.m */; };
		B52A79331BE93FB400B19074 /* GameView.m in Sources */ = {isa = PBXBuildFile; fileRef = B52A79321BE93FB400B19074 /* GameView.m */; };
		B52A79361BE93FB400B19074 /* GameViewController.m in Sources */ = {isa = PBXBuildFile; fileRef = B52A79351BE93FB400B19074 /* GameViewController.m */; };
		B52A79381BE93FB400B19074 /* art.scnassets in Resources */ = {isa = PBXBuildFile; fileRef = B52A79371BE93FB400B19074 /* art.scnassets */; };
		B52A793A1BE93FB400B19074 /* Images.xcassets in Resources */ = {isa = PBXBuildFile; fileRef = B52A79391BE93FB400B19074 /* Images.xcassets */; };
		B52A793D1BE93FB400B19074 /* MainMenu.xib in Resources */ = {isa = PBXBuildFile; fileRef = B52A793B1BE93FB400B19074 /* MainMenu.xib */; };
		B52A79491BE93FB500B19074 /* wb_iOSTests.m in Sources */ = {isa = PBXBuildFile; fileRef = B52A79481BE93FB500B19074 /* wb_iOSTests.m */; };
/* End PBXBuildFile section */

/* Begin PBXContainerItemProxy section */
		B52A79431BE93FB500B19074 /* PBXContainerItemProxy */ = {
			isa = PBXContainerItemProxy;
			containerPortal = B52A791F1BE93FB400B19074 /* Project object */;
			proxyType = 1;
			remoteGlobalIDString = B52A79261BE93FB400B19074;
			remoteInfo = wb_iOS;
		};
/* End PBXContainerItemProxy section */

/* Begin PBXFileReference section */
		B52A79271BE93FB400B19074 /* wb_iOS.app */ = {isa = PBXFileReference; explicitFileType = wrapper.application; includeInIndex = 0; path = wb_iOS.app; sourceTree = BUILT_PRODUCTS_DIR; };
		B52A792B1BE93FB400B19074 /* Info.plist */ = {isa = PBXFileReference; lastKnownFileType = text.plist.xml; path = Info.plist; sourceTree = "<group>"; };
		B52A792C1BE93FB400B19074 /* AppDelegate.h */ = {isa = PBXFileReference; lastKnownFileType = sourcecode.c.h; path = AppDelegate.h; sourceTree = "<group>"; };
		B52A792D1BE93FB400B19074 /* AppDelegate.m */ = {isa = PBXFileReference; lastKnownFileType = sourcecode.c.objc; path = AppDelegate.m; sourceTree = "<group>"; };
		B52A792F1BE93FB400B19074 /* main.m */ = {isa = PBXFileReference; lastKnownFileType = sourcecode.c.objc; path = main.m; sourceTree = "<group>"; };
		B52A79311BE93FB400B19074 /* GameView.h */ = {isa = PBXFileReference; lastKnownFileType = sourcecode.c.h; path = GameView.h; sourceTree = "<group>"; };
		B52A79321BE93FB400B19074 /* GameView.m */ = {isa = PBXFileReference; lastKnownFileType = sourcecode.c.objc; path = GameView.m; sourceTree = "<group>"; };
		B52A79341BE93FB400B19074 /* GameViewController.h */ = {isa = PBXFileReference; lastKnownFileType = sourcecode.c.h; path = GameViewController.h; sourceTree = "<group>"; };
		B52A79351BE93FB400B19074 /* GameViewController.m */ = {isa = PBXFileReference; lastKnownFileType = sourcecode.c.objc; path = GameViewController.m; sourceTree = "<group>"; };
		B52A79371BE93FB400B19074 /* art.scnassets */ = {isa = PBXFileReference; lastKnownFileType = wrapper.scnassets; path = art.scnassets; sourceTree = "<group>"; };
		B52A79391BE93FB400B19074 /* Images.xcassets */ = {isa = PBXFileReference; lastKnownFileType = folder.assetcatalog; path = Images.xcassets; sourceTree = "<group>"; };
		B52A793C1BE93FB400B19074 /* Base */ = {isa = PBXFileReference; lastKnownFileType = file.xib; name = Base; path = Base.lproj/MainMenu.xib; sourceTree = "<group>"; };
		B52A79421BE93FB500B19074 /* wb_iOSTests.xctest */ = {isa = PBXFileReference; explicitFileType = wrapper.cfbundle; includeInIndex = 0; path = wb_iOSTests.xctest; sourceTree = BUILT_PRODUCTS_DIR; };
		B52A79471BE93FB500B19074 /* Info.plist */ = {isa = PBXFileReference; lastKnownFileType = text.plist.xml; path = Info.plist; sourceTree = "<group>"; };
		B52A79481BE93FB500B19074 /* wb_iOSTests.m */ = {isa = PBXFileReference; lastKnownFileType = sourcecode.c.objc; path = wb_iOSTests.m; sourceTree = "<group>"; };
/* End PBXFileReference section */

/* Begin PBXFrameworksBuildPhase section */
		B52A79241BE93FB400B19074 /* Frameworks */ = {
			isa = PBXFrameworksBuildPhase;
			buildActionMask = 2147483647;
			files = (
			);
			runOnlyForDeploymentPostprocessing = 0;
		};
		B52A793F1BE93FB500B19074 /* Frameworks */ = {
			isa = PBXFrameworksBuildPhase;
			buildActionMask = 2147483647;
			files = (
			);
			runOnlyForDeploymentPostprocessing = 0;
		};
/* End PBXFrameworksBuildPhase section */

/* Begin PBXGroup section */
		B52A791E1BE93FB400B19074 = {
			isa = PBXGroup;
			children = (
				B52A79291BE93FB400B19074 /* wb_iOS */,
				B52A79451BE93FB500B19074 /* wb_iOSTests */,
				B52A79281BE93FB400B19074 /* Products */,
			);
			sourceTree = "<group>";
		};
		B52A79281BE93FB400B19074 /* Products */ = {
			isa = PBXGroup;
			children = (
				B52A79271BE93FB400B19074 /* wb_iOS.app */,
				B52A79421BE93FB500B19074 /* wb_iOSTests.xctest */,
			);
			name = Products;
			sourceTree = "<group>";
		};
		B52A79291BE93FB400B19074 /* wb_iOS */ = {
			isa = PBXGroup;
			children = (
				B52A792C1BE93FB400B19074 /* AppDelegate.h */,
				B52A792D1BE93FB400B19074 /* AppDelegate.m */,
				B52A79311BE93FB400B19074 /* GameView.h */,
				B52A79321BE93FB400B19074 /* GameView.m */,
				B52A79341BE93FB400B19074 /* GameViewController.h */,
				B52A79351BE93FB400B19074 /* GameViewController.m */,
				B52A79371BE93FB400B19074 /* art.scnassets */,
				B52A79391BE93FB400B19074 /* Images.xcassets */,
				B52A793B1BE93FB400B19074 /* MainMenu.xib */,
				B52A792A1BE93FB400B19074 /* Supporting Files */,
			);
			path = wb_iOS;
			sourceTree = "<group>";
		};
		B52A792A1BE93FB400B19074 /* Supporting Files */ = {
			isa = PBXGroup;
			children = (
				B52A792B1BE93FB400B19074 /* Info.plist */,
				B52A792F1BE93FB400B19074 /* main.m */,
			);
			name = "Supporting Files";
			sourceTree = "<group>";
		};
		B52A79451BE93FB500B19074 /* wb_iOSTests */ = {
			isa = PBXGroup;
			children = (
				B52A79481BE93FB500B19074 /* wb_iOSTests.m */,
				B52A79461BE93FB500B19074 /* Supporting Files */,
			);
			path = wb_iOSTests;
			sourceTree = "<group>";
		};
		B52A79461BE93FB500B19074 /* Supporting Files */ = {
			isa = PBXGroup;
			children = (
				B52A79471BE93FB500B19074 /* Info.plist */,
			);
			name = "Supporting Files";
			sourceTree = "<group>";
		};
/* End PBXGroup section */

/* Begin PBXNativeTarget section */
		B52A79261BE93FB400B19074 /* wb_iOS */ = {
			isa = PBXNativeTarget;
			buildConfigurationList = B52A794C1BE93FB500B19074 /* Build configuration list for PBXNativeTarget "wb_iOS" */;
			buildPhases = (
				B52A79231BE93FB400B19074 /* Sources */,
				B52A79241BE93FB400B19074 /* Frameworks */,
				B52A79251BE93FB400B19074 /* Resources */,
			);
			buildRules = (
			);
			dependencies = (
			);
			name = wb_iOS;
			productName = wb_iOS;
			productReference = B52A79271BE93FB400B19074 /* wb_iOS.app */;
			productType = "com.apple.product-type.application";
		};
		B52A79411BE93FB500B19074 /* wb_iOSTests */ = {
			isa = PBXNativeTarget;
			buildConfigurationList = B52A794F1BE93FB500B19074 /* Build configuration list for PBXNativeTarget "wb_iOSTests" */;
			buildPhases = (
				B52A793E1BE93FB500B19074 /* Sources */,
				B52A793F1BE93FB500B19074 /* Frameworks */,
				B52A79401BE93FB500B19074 /* Resources */,
			);
			buildRules = (
			);
			dependencies = (
				B52A79441BE93FB500B19074 /* PBXTargetDependency */,
			);
			name = wb_iOSTests;
			productName = wb_iOSTests;
			productReference = B52A79421BE93FB500B19074 /* wb_iOSTests.xctest */;
			productType = "com.apple.product-type.bundle.unit-test";
		};
/* End PBXNativeTarget section */

/* Begin PBXProject section */
		B52A791F1BE93FB400B19074 /* Project object */ = {
			isa = PBXProject;
			attributes = {
				LastUpgradeCheck = 0630;
				ORGANIZATIONNAME = eecs493;
				TargetAttributes = {
					B52A79261BE93FB400B19074 = {
						CreatedOnToolsVersion = 6.3;
					};
					B52A79411BE93FB500B19074 = {
						CreatedOnToolsVersion = 6.3;
						TestTargetID = B52A79261BE93FB400B19074;
					};
				};
			};
			buildConfigurationList = B52A79221BE93FB400B19074 /* Build configuration list for PBXProject "wb_iOS" */;
			compatibilityVersion = "Xcode 3.2";
			developmentRegion = English;
			hasScannedForEncodings = 0;
			knownRegions = (
				en,
				Base,
			);
			mainGroup = B52A791E1BE93FB400B19074;
			productRefGroup = B52A79281BE93FB400B19074 /* Products */;
			projectDirPath = "";
			projectRoot = "";
			targets = (
				B52A79261BE93FB400B19074 /* wb_iOS */,
				B52A79411BE93FB500B19074 /* wb_iOSTests */,
			);
		};
/* End PBXProject section */

/* Begin PBXResourcesBuildPhase section */
		B52A79251BE93FB400B19074 /* Resources */ = {
			isa = PBXResourcesBuildPhase;
			buildActionMask = 2147483647;
			files = (
				B52A79381BE93FB400B19074 /* art.scnassets in Resources */,
				B52A793A1BE93FB400B19074 /* Images.xcassets in Resources */,
				B52A793D1BE93FB400B19074 /* MainMenu.xib in Resources */,
			);
			runOnlyForDeploymentPostprocessing = 0;
		};
		B52A79401BE93FB500B19074 /* Resources */ = {
			isa = PBXResourcesBuildPhase;
			buildActionMask = 2147483647;
			files = (
			);
			runOnlyForDeploymentPostprocessing = 0;
		};
/* End PBXResourcesBuildPhase section */

/* Begin PBXSourcesBuildPhase section */
		B52A79231BE93FB400B19074 /* Sources */ = {
			isa = PBXSourcesBuildPhase;
			buildActionMask = 2147483647;
			files = (
				B52A79361BE93FB400B19074 /* GameViewController.m in Sources */,
				B52A79331BE93FB400B19074 /* GameView.m in Sources */,
				B52A79301BE93FB400B19074 /* main.m in Sources */,
				B52A792E1BE93FB400B19074 /* AppDelegate.m in Sources */,
			);
			runOnlyForDeploymentPostprocessing = 0;
		};
		B52A793E1BE93FB500B19074 /* Sources */ = {
			isa = PBXSourcesBuildPhase;
			buildActionMask = 2147483647;
			files = (
				B52A79491BE93FB500B19074 /* wb_iOSTests.m in Sources */,
			);
			runOnlyForDeploymentPostprocessing = 0;
		};
/* End PBXSourcesBuildPhase section */

/* Begin PBXTargetDependency section */
		B52A79441BE93FB500B19074 /* PBXTargetDependency */ = {
			isa = PBXTargetDependency;
			target = B52A79261BE93FB400B19074 /* wb_iOS */;
			targetProxy = B52A79431BE93FB500B19074 /* PBXContainerItemProxy */;
		};
/* End PBXTargetDependency section */

/* Begin PBXVariantGroup section */
		B52A793B1BE93FB400B19074 /* MainMenu.xib */ = {
			isa = PBXVariantGroup;
			children = (
				B52A793C1BE93FB400B19074 /* Base */,
			);
			name = MainMenu.xib;
			sourceTree = "<group>";
		};
/* End PBXVariantGroup section */

/* Begin XCBuildConfiguration section */
		B52A794A1BE93FB500B19074 /* Debug */ = {
			isa = XCBuildConfiguration;
			buildSettings = {
				ALWAYS_SEARCH_USER_PATHS = NO;
				CLANG_CXX_LANGUAGE_STANDARD = "gnu++0x";
				CLANG_CXX_LIBRARY = "libc++";
				CLANG_ENABLE_MODULES = YES;
				CLANG_ENABLE_OBJC_ARC = YES;
				CLANG_WARN_BOOL_CONVERSION = YES;
				CLANG_WARN_CONSTANT_CONVERSION = YES;
				CLANG_WARN_DIRECT_OBJC_ISA_USAGE = YES_ERROR;
				CLANG_WARN_EMPTY_BODY = YES;
				CLANG_WARN_ENUM_CONVERSION = YES;
				CLANG_WARN_INT_CONVERSION = YES;
				CLANG_WARN_OBJC_ROOT_CLASS = YES_ERROR;
				CLANG_WARN_UNREACHABLE_CODE = YES;
				CLANG_WARN__DUPLICATE_METHOD_MATCH = YES;
				CODE_SIGN_IDENTITY = "-";
				COPY_PHASE_STRIP = NO;
				DEBUG_INFORMATION_FORMAT = dwarf;
				ENABLE_STRICT_OBJC_MSGSEND = YES;
				GCC_C_LANGUAGE_STANDARD = gnu99;
				GCC_DYNAMIC_NO_PIC = NO;
				GCC_NO_COMMON_BLOCKS = YES;
				GCC_OPTIMIZATION_LEVEL = 0;
				GCC_PREPROCESSOR_DEFINITIONS = (
					"DEBUG=1",
					"$(inherited)",
				);
				GCC_SYMBOLS_PRIVATE_EXTERN = NO;
				GCC_WARN_64_TO_32_BIT_CONVERSION = YES;
				GCC_WARN_ABOUT_RETURN_TYPE = YES_ERROR;
				GCC_WARN_UNDECLARED_SELECTOR = YES;
				GCC_WARN_UNINITIALIZED_AUTOS = YES_AGGRESSIVE;
				GCC_WARN_UNUSED_FUNCTION = YES;
				GCC_WARN_UNUSED_VARIABLE = YES;
				MACOSX_DEPLOYMENT_TARGET = 10.10;
				MTL_ENABLE_DEBUG_INFO = YES;
				ONLY_ACTIVE_ARCH = YES;
				SDKROOT = macosx;
			};
			name = Debug;
		};
		B52A794B1BE93FB500B19074 /* Release */ = {
			isa = XCBuildConfiguration;
			buildSettings = {
				ALWAYS_SEARCH_USER_PATHS = NO;
				CLANG_CXX_LANGUAGE_STANDARD = "gnu++0x";
				CLANG_CXX_LIBRARY = "libc++";
				CLANG_ENABLE_MODULES = YES;
				CLANG_ENABLE_OBJC_ARC = YES;
				CLANG_WARN_BOOL_CONVERSION = YES;
				CLANG_WARN_CONSTANT_CONVERSION = YES;
				CLANG_WARN_DIRECT_OBJC_ISA_USAGE = YES_ERROR;
				CLANG_WARN_EMPTY_BODY = YES;
				CLANG_WARN_ENUM_CONVERSION = YES;
				CLANG_WARN_INT_CONVERSION = YES;
				CLANG_WARN_OBJC_ROOT_CLASS = YES_ERROR;
				CLANG_WARN_UNREACHABLE_CODE = YES;
				CLANG_WARN__DUPLICATE_METHOD_MATCH = YES;
				CODE_SIGN_IDENTITY = "-";
				COPY_PHASE_STRIP = NO;
				DEBUG_INFORMATION_FORMAT = "dwarf-with-dsym";
				ENABLE_NS_ASSERTIONS = NO;
				ENABLE_STRICT_OBJC_MSGSEND = YES;
				GCC_C_LANGUAGE_STANDARD = gnu99;
				GCC_NO_COMMON_BLOCKS = YES;
				GCC_WARN_64_TO_32_BIT_CONVERSION = YES;
				GCC_WARN_ABOUT_RETURN_TYPE = YES_ERROR;
				GCC_WARN_UNDECLARED_SELECTOR = YES;
				GCC_WARN_UNINITIALIZED_AUTOS = YES_AGGRESSIVE;
				GCC_WARN_UNUSED_FUNCTION = YES;
				GCC_WARN_UNUSED_VARIABLE = YES;
				MACOSX_DEPLOYMENT_TARGET = 10.10;
				MTL_ENABLE_DEBUG_INFO = NO;
				SDKROOT = macosx;
			};
			name = Release;
		};
		B52A794D1BE93FB500B19074 /* Debug */ = {
			isa = XCBuildConfiguration;
			buildSettings = {
				ASSETCATALOG_COMPILER_APPICON_NAME = AppIcon;
				COMBINE_HIDPI_IMAGES = YES;
				INFOPLIST_FILE = wb_iOS/Info.plist;
				LD_RUNPATH_SEARCH_PATHS = "$(inherited) @executable_path/../Frameworks";
				PRODUCT_NAME = "$(TARGET_NAME)";
			};
			name = Debug;
		};
		B52A794E1BE93FB500B19074 /* Release */ = {
			isa = XCBuildConfiguration;
			buildSettings = {
				ASSETCATALOG_COMPILER_APPICON_NAME = AppIcon;
				COMBINE_HIDPI_IMAGES = YES;
				INFOPLIST_FILE = wb_iOS/Info.plist;
				LD_RUNPATH_SEARCH_PATHS = "$(inherited) @executable_path/../Frameworks";
				PRODUCT_NAME = "$(TARGET_NAME)";
			};
			name = Release;
		};
		B52A79501BE93FB500B19074 /* Debug */ = {
			isa = XCBuildConfiguration;
			buildSettings = {
				BUNDLE_LOADER = "$(TEST_HOST)";
				COMBINE_HIDPI_IMAGES = YES;
				FRAMEWORK_SEARCH_PATHS = (
					"$(DEVELOPER_FRAMEWORKS_DIR)",
					"$(inherited)",
				);
				GCC_PREPROCESSOR_DEFINITIONS = (
					"DEBUG=1",
					"$(inherited)",
				);
				INFOPLIST_FILE = wb_iOSTests/Info.plist;
				LD_RUNPATH_SEARCH_PATHS = "$(inherited) @executable_path/../Frameworks @loader_path/../Frameworks";
				PRODUCT_NAME = "$(TARGET_NAME)";
				TEST_HOST = "$(BUILT_PRODUCTS_DIR)/wb_iOS.app/Contents/MacOS/wb_iOS";
			};
			name = Debug;
		};
		B52A79511BE93FB500B19074 /* Release */ = {
			isa = XCBuildConfiguration;
			buildSettings = {
				BUNDLE_LOADER = "$(TEST_HOST)";
				COMBINE_HIDPI_IMAGES = YES;
				FRAMEWORK_SEARCH_PATHS = (
					"$(DEVELOPER_FRAMEWORKS_DIR)",
					"$(inherited)",
				);
				INFOPLIST_FILE = wb_iOSTests/Info.plist;
				LD_RUNPATH_SEARCH_PATHS = "$(inherited) @executable_path/../Frameworks @loader_path/../Frameworks";
				PRODUCT_NAME = "$(TARGET_NAME)";
				TEST_HOST = "$(BUILT_PRODUCTS_DIR)/wb_iOS.app/Contents/MacOS/wb_iOS";
			};
			name = Release;
		};
/* End XCBuildConfiguration section */

/* Begin XCConfigurationList section */
		B52A79221BE93FB400B19074 /* Build configuration list for PBXProject "wb_iOS" */ = {
			isa = XCConfigurationList;
			buildConfigurations = (
				B52A794A1BE93FB500B19074 /* Debug */,
				B52A794B1BE93FB500B19074 /* Release */,
			);
			defaultConfigurationIsVisible = 0;
			defaultConfigurationName = Release;
		};
		B52A794C1BE93FB500B19074 /* Build configuration list for PBXNativeTarget "wb_iOS" */ = {
			isa = XCConfigurationList;
			buildConfigurations = (
				B52A794D1BE93FB500B19074 /* Debug */,
				B52A794E1BE93FB500B19074 /* Release */,
			);
			defaultConfigurationIsVisible = 0;
		};
		B52A794F1BE93FB500B19074 /* Build configuration list for PBXNativeTarget "wb_iOSTests" */ = {
			isa = XCConfigurationList;
			buildConfigurations = (
				B52A79501BE93FB500B19074 /* Debug */,
				B52A79511BE93FB500B19074 /* Release */,
			);
			defaultConfigurationIsVisible = 0;
		};
/* End XCConfigurationList section */
	};
	rootObject = B52A791F1BE93FB400B19074 /* Project object */;
}
